{
  "name": "eff-pre",
  "version": "0.0.3",
  "lockfileVersion": 3,
  "requires": true,
  "packages": {
    "": {
      "name": "eff-pre",
      "version": "0.0.3",
      "license": "BSD-3-Clause",
      "dependencies": {
        "mcl-wasm": "^2.0.0"
      }
    },
    "node_modules/@types/node": {
      "version": "20.19.17",
      "resolved": "https://registry.npmjs.org/@types/node/-/node-20.19.17.tgz",
      "integrity": "sha512-gfehUI8N1z92kygssiuWvLiwcbOB3IRktR6hTDgJlXMYh5OvkPSRmgfoBUmfZt+vhwJtX7v1Yw4KvvAf7c5QKQ==",
      "license": "MIT",
      "dependencies": {
        "undici-types": "~6.21.0"
      }
    },
    "node_modules/mcl-wasm": {
      "version": "2.0.0",
      "resolved": "https://registry.npmjs.org/mcl-wasm/-/mcl-wasm-2.0.0.tgz",
      "integrity": "sha512-VFw8jTwY9iJV6XQXPzq3nPK3roQ1sd48iyT35i//+7EVAi5Z+nyyI6l0/m0EmvMmjGTLLDBXtiWBVYJ/+oFgMA==",
      "license": "BSD-3-Clause",
      "dependencies": {
        "@types/node": "^20.2.5"
      },
      "engines": {
        "node": ">=14.17"
      }
    },
    "node_modules/undici-types": {
      "version": "6.21.0",
      "resolved": "https://registry.npmjs.org/undici-types/-/undici-types-6.21.0.tgz",
      "integrity": "sha512-iwDZqg0QAGrg9Rav5H4n0M64c3mkR59cJ6wQp+7C4nI0gsmExaedaYLNO44eT4AtBBwjbTiGPMlt2Md0T9H9JQ==",
      "license": "MIT"
    }
  }
}
